// !$*UTF8*$!
{
	archiveVersion = 1;
	classes = {
	};
	objectVersion = 46;
	objects = {

/* Begin PBXBuildFile section */
		D4115FB41C20AAE50088B14C /* AppDelegate.swift in Sources */ = {isa = PBXBuildFile; fileRef = D4115FB31C20AAE50088B14C /* AppDelegate.swift */; };
		D4115FB61C20AAE50088B14C /* GameScene.sks in Resources */ = {isa = PBXBuildFile; fileRef = D4115FB51C20AAE50088B14C /* GameScene.sks */; };
		D4115FB81C20AAE50088B14C /* GameScene.swift in Sources */ = {isa = PBXBuildFile; fileRef = D4115FB71C20AAE50088B14C /* GameScene.swift */; };
		D4115FBA1C20AAE50088B14C /* GameViewController.swift in Sources */ = {isa = PBXBuildFile; fileRef = D4115FB91C20AAE50088B14C /* GameViewController.swift */; };
		D4115FBD1C20AAE50088B14C /* Main.storyboard in Resources */ = {isa = PBXBuildFile; fileRef = D4115FBB1C20AAE50088B14C /* Main.storyboard */; };
		D4115FBF1C20AAE50088B14C /* Assets.xcassets in Resources */ = {isa = PBXBuildFile; fileRef = D4115FBE1C20AAE50088B14C /* Assets.xcassets */; };
		D4115FC21C20AAE50088B14C /* LaunchScreen.storyboard in Resources */ = {isa = PBXBuildFile; fileRef = D4115FC01C20AAE50088B14C /* LaunchScreen.storyboard */; };
		D4115FCD1C20AAE50088B14C /* MathGameTests.swift in Sources */ = {isa = PBXBuildFile; fileRef = D4115FCC1C20AAE50088B14C /* MathGameTests.swift */; };
		D4115FD81C20AAE50088B14C /* MathGameUITests.swift in Sources */ = {isa = PBXBuildFile; fileRef = D4115FD71C20AAE50088B14C /* MathGameUITests.swift */; };
		D4115FE61C20B3A70088B14C /* Number.swift in Sources */ = {isa = PBXBuildFile; fileRef = D4115FE51C20B3A70088B14C /* Number.swift */; };
		D4115FE81C20BF0A0088B14C /* GameGrid.swift in Sources */ = {isa = PBXBuildFile; fileRef = D4115FE71C20BF0A0088B14C /* GameGrid.swift */; };
		D4115FEA1C20C2300088B14C /* Level.swift in Sources */ = {isa = PBXBuildFile; fileRef = D4115FE91C20C2300088B14C /* Level.swift */; };
		D4115FEC1C20C5670088B14C /* Equation.swift in Sources */ = {isa = PBXBuildFile; fileRef = D4115FEB1C20C5660088B14C /* Equation.swift */; };
		D41160001C21A2EB0088B14C /* Sprites.atlas in Resources */ = {isa = PBXBuildFile; fileRef = D4115FFF1C21A2EB0088B14C /* Sprites.atlas */; };
/* End PBXBuildFile section */

/* Begin PBXContainerItemProxy section */
		D4115FC91C20AAE50088B14C /* PBXContainerItemProxy */ = {
			isa = PBXContainerItemProxy;
			containerPortal = D4115FA81C20AAE50088B14C /* Project object */;
			proxyType = 1;
			remoteGlobalIDString = D4115FAF1C20AAE50088B14C;
			remoteInfo = MathGame;
		};
		D4115FD41C20AAE50088B14C /* PBXContainerItemProxy */ = {
			isa = PBXContainerItemProxy;
			containerPortal = D4115FA81C20AAE50088B14C /* Project object */;
			proxyType = 1;
			remoteGlobalIDString = D4115FAF1C20AAE50088B14C;
			remoteInfo = MathGame;
		};
/* End PBXContainerItemProxy section */

/* Begin PBXFileReference section */
		D4115FB01C20AAE50088B14C /* MathGame.app */ = {isa = PBXFileReference; explicitFileType = wrapper.application; includeInIndex = 0; path = MathGame.app; sourceTree = BUILT_PRODUCTS_DIR; };
		D4115FB31C20AAE50088B14C /* AppDelegate.swift */ = {isa = PBXFileReference; lastKnownFileType = sourcecode.swift; path = AppDelegate.swift; sourceTree = "<group>"; };
		D4115FB51C20AAE50088B14C /* GameScene.sks */ = {isa = PBXFileReference; lastKnownFileType = file.sks; path = GameScene.sks; sourceTree = "<group>"; };
		D4115FB71C20AAE50088B14C /* GameScene.swift */ = {isa = PBXFileReference; lastKnownFileType = sourcecode.swift; path = GameScene.swift; sourceTree = "<group>"; };
		D4115FB91C20AAE50088B14C /* GameViewController.swift */ = {isa = PBXFileReference; lastKnownFileType = sourcecode.swift; path = GameViewController.swift; sourceTree = "<group>"; };
		D4115FBC1C20AAE50088B14C /* Base */ = {isa = PBXFileReference; lastKnownFileType = file.storyboard; name = Base; path = Base.lproj/Main.storyboard; sourceTree = "<group>"; };
		D4115FBE1C20AAE50088B14C /* Assets.xcassets */ = {isa = PBXFileReference; lastKnownFileType = folder.assetcatalog; path = Assets.xcassets; sourceTree = "<group>"; };
		D4115FC11C20AAE50088B14C /* Base */ = {isa = PBXFileReference; lastKnownFileType = file.storyboard; name = Base; path = Base.lproj/LaunchScreen.storyboard; sourceTree = "<group>"; };
		D4115FC31C20AAE50088B14C /* Info.plist */ = {isa = PBXFileReference; lastKnownFileType = text.plist.xml; path = Info.plist; sourceTree = "<group>"; };
		D4115FC81C20AAE50088B14C /* MathGameTests.xctest */ = {isa = PBXFileReference; explicitFileType = wrapper.cfbundle; includeInIndex = 0; path = MathGameTests.xctest; sourceTree = BUILT_PRODUCTS_DIR; };
		D4115FCC1C20AAE50088B14C /* MathGameTests.swift */ = {isa = PBXFileReference; lastKnownFileType = sourcecode.swift; path = MathGameTests.swift; sourceTree = "<group>"; };
		D4115FCE1C20AAE50088B14C /* Info.plist */ = {isa = PBXFileReference; lastKnownFileType = text.plist.xml; path = Info.plist; sourceTree = "<group>"; };
		D4115FD31C20AAE50088B14C /* MathGameUITests.xctest */ = {isa = PBXFileReference; explicitFileType = wrapper.cfbundle; includeInIndex = 0; path = MathGameUITests.xctest; sourceTree = BUILT_PRODUCTS_DIR; };
		D4115FD71C20AAE50088B14C /* MathGameUITests.swift */ = {isa = PBXFileReference; lastKnownFileType = sourcecode.swift; path = MathGameUITests.swift; sourceTree = "<group>"; };
		D4115FD91C20AAE50088B14C /* Info.plist */ = {isa = PBXFileReference; lastKnownFileType = text.plist.xml; path = Info.plist; sourceTree = "<group>"; };
		D4115FE51C20B3A70088B14C /* Number.swift */ = {isa = PBXFileReference; fileEncoding = 4; lastKnownFileType = sourcecode.swift; path = Number.swift; sourceTree = "<group>"; };
		D4115FE71C20BF0A0088B14C /* GameGrid.swift */ = {isa = PBXFileReference; fileEncoding = 4; lastKnownFileType = sourcecode.swift; path = GameGrid.swift; sourceTree = "<group>"; };
		D4115FE91C20C2300088B14C /* Level.swift */ = {isa = PBXFileReference; fileEncoding = 4; lastKnownFileType = sourcecode.swift; path = Level.swift; sourceTree = "<group>"; };
		D4115FEB1C20C5660088B14C /* Equation.swift */ = {isa = PBXFileReference; fileEncoding = 4; lastKnownFileType = sourcecode.swift; path = Equation.swift; sourceTree = "<group>"; };
		D4115FFF1C21A2EB0088B14C /* Sprites.atlas */ = {isa = PBXFileReference; lastKnownFileType = folder.skatlas; path = Sprites.atlas; sourceTree = "<group>"; };
/* End PBXFileReference section */

/* Begin PBXFrameworksBuildPhase section */
		D4115FAD1C20AAE50088B14C /* Frameworks */ = {
			isa = PBXFrameworksBuildPhase;
			buildActionMask = 2147483647;
			files = (
			);
			runOnlyForDeploymentPostprocessing = 0;
		};
		D4115FC51C20AAE50088B14C /* Frameworks */ = {
			isa = PBXFrameworksBuildPhase;
			buildActionMask = 2147483647;
			files = (
			);
			runOnlyForDeploymentPostprocessing = 0;
		};
		D4115FD01C20AAE50088B14C /* Frameworks */ = {
			isa = PBXFrameworksBuildPhase;
			buildActionMask = 2147483647;
			files = (
			);
			runOnlyForDeploymentPostprocessing = 0;
		};
/* End PBXFrameworksBuildPhase section */

/* Begin PBXGroup section */
		D4115FA71C20AAE50088B14C = {
			isa = PBXGroup;
			children = (
				D4115FB21C20AAE50088B14C /* MathGame */,
				D4115FCB1C20AAE50088B14C /* MathGameTests */,
				D4115FD61C20AAE50088B14C /* MathGameUITests */,
				D4115FB11C20AAE50088B14C /* Products */,
			);
			sourceTree = "<group>";
		};
		D4115FB11C20AAE50088B14C /* Products */ = {
			isa = PBXGroup;
			children = (
				D4115FB01C20AAE50088B14C /* MathGame.app */,
				D4115FC81C20AAE50088B14C /* MathGameTests.xctest */,
				D4115FD31C20AAE50088B14C /* MathGameUITests.xctest */,
			);
			name = Products;
			sourceTree = "<group>";
		};
		D4115FB21C20AAE50088B14C /* MathGame */ = {
			isa = PBXGroup;
			children = (
				D4115FB31C20AAE50088B14C /* AppDelegate.swift */,
				D4115FB51C20AAE50088B14C /* GameScene.sks */,
				D4115FB71C20AAE50088B14C /* GameScene.swift */,
				D4115FB91C20AAE50088B14C /* GameViewController.swift */,
				D4115FBB1C20AAE50088B14C /* Main.storyboard */,
				D4115FFF1C21A2EB0088B14C /* Sprites.atlas */,
				D4115FBE1C20AAE50088B14C /* Assets.xcassets */,
				D4115FE51C20B3A70088B14C /* Number.swift */,
				D4115FE91C20C2300088B14C /* Level.swift */,
				D4115FEB1C20C5660088B14C /* Equation.swift */,
				D4115FE71C20BF0A0088B14C /* GameGrid.swift */,
				D4115FC01C20AAE50088B14C /* LaunchScreen.storyboard */,
				D4115FC31C20AAE50088B14C /* Info.plist */,
			);
			path = MathGame;
			sourceTree = "<group>";
		};
		D4115FCB1C20AAE50088B14C /* MathGameTests */ = {
			isa = PBXGroup;
			children = (
				D4115FCC1C20AAE50088B14C /* MathGameTests.swift */,
				D4115FCE1C20AAE50088B14C /* Info.plist */,
			);
			path = MathGameTests;
			sourceTree = "<group>";
		};
		D4115FD61C20AAE50088B14C /* MathGameUITests */ = {
			isa = PBXGroup;
			children = (
				D4115FD71C20AAE50088B14C /* MathGameUITests.swift */,
				D4115FD91C20AAE50088B14C /* Info.plist */,
			);
			path = MathGameUITests;
			sourceTree = "<group>";
		};
/* End PBXGroup section */

/* Begin PBXNativeTarget section */
		D4115FAF1C20AAE50088B14C /* MathGame */ = {
			isa = PBXNativeTarget;
			buildConfigurationList = D4115FDC1C20AAE50088B14C /* Build configuration list for PBXNativeTarget "MathGame" */;
			buildPhases = (
				D4115FAC1C20AAE50088B14C /* Sources */,
				D4115FAD1C20AAE50088B14C /* Frameworks */,
				D4115FAE1C20AAE50088B14C /* Resources */,
			);
			buildRules = (
			);
			dependencies = (
			);
			name = MathGame;
			productName = MathGame;
			productReference = D4115FB01C20AAE50088B14C /* MathGame.app */;
			productType = "com.apple.product-type.application";
		};
		D4115FC71C20AAE50088B14C /* MathGameTests */ = {
			isa = PBXNativeTarget;
			buildConfigurationList = D4115FDF1C20AAE50088B14C /* Build configuration list for PBXNativeTarget "MathGameTests" */;
			buildPhases = (
				D4115FC41C20AAE50088B14C /* Sources */,
				D4115FC51C20AAE50088B14C /* Frameworks */,
				D4115FC61C20AAE50088B14C /* Resources */,
			);
			buildRules = (
			);
			dependencies = (
				D4115FCA1C20AAE50088B14C /* PBXTargetDependency */,
			);
			name = MathGameTests;
			productName = MathGameTests;
			productReference = D4115FC81C20AAE50088B14C /* MathGameTests.xctest */;
			productType = "com.apple.product-type.bundle.unit-test";
		};
		D4115FD21C20AAE50088B14C /* MathGameUITests */ = {
			isa = PBXNativeTarget;
			buildConfigurationList = D4115FE21C20AAE50088B14C /* Build configuration list for PBXNativeTarget "MathGameUITests" */;
			buildPhases = (
				D4115FCF1C20AAE50088B14C /* Sources */,
				D4115FD01C20AAE50088B14C /* Frameworks */,
				D4115FD11C20AAE50088B14C /* Resources */,
			);
			buildRules = (
			);
			dependencies = (
				D4115FD51C20AAE50088B14C /* PBXTargetDependency */,
			);
			name = MathGameUITests;
			productName = MathGameUITests;
			productReference = D4115FD31C20AAE50088B14C /* MathGameUITests.xctest */;
			productType = "com.apple.product-type.bundle.ui-testing";
		};
/* End PBXNativeTarget section */

/* Begin PBXProject section */
		D4115FA81C20AAE50088B14C /* Project object */ = {
			isa = PBXProject;
			attributes = {
				LastSwiftMigration = 0730;
				LastSwiftUpdateCheck = 0710;
				LastUpgradeCheck = 0710;
				ORGANIZATIONNAME = "Megan Corbett";
				TargetAttributes = {
					D4115FAF1C20AAE50088B14C = {
						CreatedOnToolsVersion = 7.1;
					};
					D4115FC71C20AAE50088B14C = {
						CreatedOnToolsVersion = 7.1;
						TestTargetID = D4115FAF1C20AAE50088B14C;
					};
					D4115FD21C20AAE50088B14C = {
						CreatedOnToolsVersion = 7.1;
						TestTargetID = D4115FAF1C20AAE50088B14C;
					};
				};
			};
			buildConfigurationList = D4115FAB1C20AAE50088B14C /* Build configuration list for PBXProject "MathGame" */;
			compatibilityVersion = "Xcode 3.2";
			developmentRegion = English;
			hasScannedForEncodings = 0;
			knownRegions = (
				en,
				Base,
			);
			mainGroup = D4115FA71C20AAE50088B14C;
			productRefGroup = D4115FB11C20AAE50088B14C /* Products */;
			projectDirPath = "";
			projectRoot = "";
			targets = (
				D4115FAF1C20AAE50088B14C /* MathGame */,
				D4115FC71C20AAE50088B14C /* MathGameTests */,
				D4115FD21C20AAE50088B14C /* MathGameUITests */,
			);
		};
/* End PBXProject section */

/* Begin PBXResourcesBuildPhase section */
		D4115FAE1C20AAE50088B14C /* Resources */ = {
			isa = PBXResourcesBuildPhase;
			buildActionMask = 2147483647;
			files = (
				D4115FB61C20AAE50088B14C /* GameScene.sks in Resources */,
				D4115FC21C20AAE50088B14C /* LaunchScreen.storyboard in Resources */,
				D4115FBF1C20AAE50088B14C /* Assets.xcassets in Resources */,
				D4115FBD1C20AAE50088B14C /* Main.storyboard in Resources */,
				D41160001C21A2EB0088B14C /* Sprites.atlas in Resources */,
			);
			runOnlyForDeploymentPostprocessing = 0;
		};
		D4115FC61C20AAE50088B14C /* Resources */ = {
			isa = PBXResourcesBuildPhase;
			buildActionMask = 2147483647;
			files = (
			);
			runOnlyForDeploymentPostprocessing = 0;
		};
		D4115FD11C20AAE50088B14C /* Resources */ = {
			isa = PBXResourcesBuildPhase;
			buildActionMask = 2147483647;
			files = (
			);
			runOnlyForDeploymentPostprocessing = 0;
		};
/* End PBXResourcesBuildPhase section */

/* Begin PBXSourcesBuildPhase section */
		D4115FAC1C20AAE50088B14C /* Sources */ = {
			isa = PBXSourcesBuildPhase;
			buildActionMask = 2147483647;
			files = (
				D4115FEA1C20C2300088B14C /* Level.swift in Sources */,
				D4115FE61C20B3A70088B14C /* Number.swift in Sources */,
				D4115FB81C20AAE50088B14C /* GameScene.swift in Sources */,
				D4115FEC1C20C5670088B14C /* Equation.swift in Sources */,
				D4115FE81C20BF0A0088B14C /* GameGrid.swift in Sources */,
				D4115FBA1C20AAE50088B14C /* GameViewController.swift in Sources */,
				D4115FB41C20AAE50088B14C /* AppDelegate.swift in Sources */,
			);
			runOnlyForDeploymentPostprocessing = 0;
		};
		D4115FC41C20AAE50088B14C /* Sources */ = {
			isa = PBXSourcesBuildPhase;
			buildActionMask = 2147483647;
			files = (
				D4115FCD1C20AAE50088B14C /* MathGameTests.swift in Sources */,
			);
			runOnlyForDeploymentPostprocessing = 0;
		};
		D4115FCF1C20AAE50088B14C /* Sources */ = {
			isa = PBXSourcesBuildPhase;
			buildActionMask = 2147483647;
			files = (
				D4115FD81C20AAE50088B14C /* MathGameUITests.swift in Sources */,
			);
			runOnlyForDeploymentPostprocessing = 0;
		};
/* End PBXSourcesBuildPhase section */

/* Begin PBXTargetDependency section */
		D4115FCA1C20AAE50088B14C /* PBXTargetDependency */ = {
			isa = PBXTargetDependency;
			target = D4115FAF1C20AAE50088B14C /* MathGame */;
			targetProxy = D4115FC91C20AAE50088B14C /* PBXContainerItemProxy */;
		};
		D4115FD51C20AAE50088B14C /* PBXTargetDependency */ = {
			isa = PBXTargetDependency;
			target = D4115FAF1C20AAE50088B14C /* MathGame */;
			targetProxy = D4115FD41C20AAE50088B14C /* PBXContainerItemProxy */;
		};
/* End PBXTargetDependency section */

/* Begin PBXVariantGroup section */
		D4115FBB1C20AAE50088B14C /* Main.storyboard */ = {
			isa = PBXVariantGroup;
			children = (
				D4115FBC1C20AAE50088B14C /* Base */,
			);
			name = Main.storyboard;
			sourceTree = "<group>";
		};
		D4115FC01C20AAE50088B14C /* LaunchScreen.storyboard */ = {
			isa = PBXVariantGroup;
			children = (
				D4115FC11C20AAE50088B14C /* Base */,
			);
			name = LaunchScreen.storyboard;
			sourceTree = "<group>";
		};
/* End PBXVariantGroup section */

/* Begin XCBuildConfiguration section */
		D4115FDA1C20AAE50088B14C /* Debug */ = {
			isa = XCBuildConfiguration;
			buildSettings = {
				ALWAYS_SEARCH_USER_PATHS = NO;
				CLANG_CXX_LANGUAGE_STANDARD = "gnu++0x";
				CLANG_CXX_LIBRARY = "libc++";
				CLANG_ENABLE_MODULES = YES;
				CLANG_ENABLE_OBJC_ARC = YES;
				CLANG_WARN_BOOL_CONVERSION = YES;
				CLANG_WARN_CONSTANT_CONVERSION = YES;
				CLANG_WARN_DIRECT_OBJC_ISA_USAGE = YES_ERROR;
				CLANG_WARN_EMPTY_BODY = YES;
				CLANG_WARN_ENUM_CONVERSION = YES;
				CLANG_WARN_INT_CONVERSION = YES;
				CLANG_WARN_OBJC_ROOT_CLASS = YES_ERROR;
				CLANG_WARN_UNREACHABLE_CODE = YES;
				CLANG_WARN__DUPLICATE_METHOD_MATCH = YES;
				"CODE_SIGN_IDENTITY[sdk=iphoneos*]" = "iPhone Developer";
				COPY_PHASE_STRIP = NO;
				DEBUG_INFORMATION_FORMAT = "dwarf-with-dsym";
				ENABLE_STRICT_OBJC_MSGSEND = YES;
				ENABLE_TESTABILITY = YES;
				GCC_C_LANGUAGE_STANDARD = gnu99;
				GCC_DYNAMIC_NO_PIC = NO;
				GCC_NO_COMMON_BLOCKS = YES;
				GCC_OPTIMIZATION_LEVEL = 0;
				GCC_PREPROCESSOR_DEFINITIONS = (
					"DEBUG=1",
					"$(inherited)",
				);
				GCC_WARN_64_TO_32_BIT_CONVERSION = YES;
				GCC_WARN_ABOUT_RETURN_TYPE = YES_ERROR;
				GCC_WARN_UNDECLARED_SELECTOR = YES;
				GCC_WARN_UNINITIALIZED_AUTOS = YES_AGGRESSIVE;
				GCC_WARN_UNUSED_FUNCTION = YES;
				GCC_WARN_UNUSED_VARIABLE = YES;
				IPHONEOS_DEPLOYMENT_TARGET = 9.1;
				MTL_ENABLE_DEBUG_INFO = YES;
				ONLY_ACTIVE_ARCH = YES;
				SDKROOT = iphoneos;
				SWIFT_OPTIMIZATION_LEVEL = "-Onone";
				TARGETED_DEVICE_FAMILY = 2;
			};
			name = Debug;
		};
		D4115FDB1C20AAE50088B14C /* Release */ = {
			isa = XCBuildConfiguration;
			buildSettings = {
				ALWAYS_SEARCH_USER_PATHS = NO;
				CLANG_CXX_LANGUAGE_STANDARD = "gnu++0x";
				CLANG_CXX_LIBRARY = "libc++";
				CLANG_ENABLE_MODULES = YES;
				CLANG_ENABLE_OBJC_ARC = YES;
				CLANG_WARN_BOOL_CONVERSION = YES;
				CLANG_WARN_CONSTANT_CONVERSION = YES;
				CLANG_WARN_DIRECT_OBJC_ISA_USAGE = YES_ERROR;
				CLANG_WARN_EMPTY_BODY = YES;
				CLANG_WARN_ENUM_CONVERSION = YES;
				CLANG_WARN_INT_CONVERSION = YES;
				CLANG_WARN_OBJC_ROOT_CLASS = YES_ERROR;
				CLANG_WARN_UNREACHABLE_CODE = YES;
				CLANG_WARN__DUPLICATE_METHOD_MATCH = YES;
				"CODE_SIGN_IDENTITY[sdk=iphoneos*]" = "iPhone Developer";
				COPY_PHASE_STRIP = NO;
				DEBUG_INFORMATION_FORMAT = "dwarf-with-dsym";
				ENABLE_NS_ASSERTIONS = NO;
				ENABLE_STRICT_OBJC_MSGSEND = YES;
				GCC_C_LANGUAGE_STANDARD = gnu99;
				GCC_NO_COMMON_BLOCKS = YES;
				GCC_WARN_64_TO_32_BIT_CONVERSION = YES;
				GCC_WARN_ABOUT_RETURN_TYPE = YES_ERROR;
				GCC_WARN_UNDECLARED_SELECTOR = YES;
				GCC_WARN_UNINITIALIZED_AUTOS = YES_AGGRESSIVE;
				GCC_WARN_UNUSED_FUNCTION = YES;
				GCC_WARN_UNUSED_VARIABLE = YES;
				IPHONEOS_DEPLOYMENT_TARGET = 9.1;
				MTL_ENABLE_DEBUG_INFO = NO;
				SDKROOT = iphoneos;
				TARGETED_DEVICE_FAMILY = 2;
				VALIDATE_PRODUCT = YES;
			};
			name = Release;
		};
		D4115FDD1C20AAE50088B14C /* Debug */ = {
			isa = XCBuildConfiguration;
			buildSettings = {
				ASSETCATALOG_COMPILER_APPICON_NAME = AppIcon;
				INFOPLIST_FILE = MathGame/Info.plist;
				LD_RUNPATH_SEARCH_PATHS = "$(inherited) @executable_path/Frameworks";
				PRODUCT_BUNDLE_IDENTIFIER = com.MeganCorbett.MathGame;
				PRODUCT_NAME = "$(TARGET_NAME)";
			};
			name = Debug;
		};
		D4115FDE1C20AAE50088B14C /* Release */ = {
			isa = XCBuildConfiguration;
			buildSettings = {
				ASSETCATALOG_COMPILER_APPICON_NAME = AppIcon;
				INFOPLIST_FILE = MathGame/Info.plist;
				LD_RUNPATH_SEARCH_PATHS = "$(inherited) @executable_path/Frameworks";
				PRODUCT_BUNDLE_IDENTIFIER = com.MeganCorbett.MathGame;
				PRODUCT_NAME = "$(TARGET_NAME)";
			};
			name = Release;
		};
		D4115FE01C20AAE50088B14C /* Debug */ = {
			isa = XCBuildConfiguration;
			buildSettings = {
				BUNDLE_LOADER = "$(TEST_HOST)";
				DEBUG_INFORMATION_FORMAT = dwarf;
				INFOPLIST_FILE = MathGameTests/Info.plist;
				LD_RUNPATH_SEARCH_PATHS = "$(inherited) @executable_path/Frameworks @loader_path/Frameworks";
				PRODUCT_BUNDLE_IDENTIFIER = com.MeganCorbett.MathGameTests;
				PRODUCT_NAME = "$(TARGET_NAME)";
				TEST_HOST = "$(BUILT_PRODUCTS_DIR)/MathGame.app/MathGame";
			};
			name = Debug;
		};
		D4115FE11C20AAE50088B14C /* Release */ = {
			isa = XCBuildConfiguration;
			buildSettings = {
				BUNDLE_LOADER = "$(TEST_HOST)";
				INFOPLIST_FILE = MathGameTests/Info.plist;
				LD_RUNPATH_SEARCH_PATHS = "$(inherited) @executable_path/Frameworks @loader_path/Frameworks";
				PRODUCT_BUNDLE_IDENTIFIER = com.MeganCorbett.MathGameTests;
				PRODUCT_NAME = "$(TARGET_NAME)";
				TEST_HOST = "$(BUILT_PRODUCTS_DIR)/MathGame.app/MathGame";
			};
			name = Release;
		};
		D4115FE31C20AAE50088B14C /* Debug */ = {
			isa = XCBuildConfiguration;
			buildSettings = {
				DEBUG_INFORMATION_FORMAT = dwarf;
				INFOPLIST_FILE = MathGameUITests/Info.plist;
				LD_RUNPATH_SEARCH_PATHS = "$(inherited) @executable_path/Frameworks @loader_path/Frameworks";
				PRODUCT_BUNDLE_IDENTIFIER = com.MeganCorbett.MathGameUITests;
				PRODUCT_NAME = "$(TARGET_NAME)";
				TEST_TARGET_NAME = MathGame;
				USES_XCTRUNNER = YES;
			};
			name = Debug;
		};
		D4115FE41C20AAE50088B14C /* Release */ = {
			isa = XCBuildConfiguration;
			buildSettings = {
				INFOPLIST_FILE = MathGameUITests/Info.plist;
				LD_RUNPATH_SEARCH_PATHS = "$(inherited) @executable_path/Frameworks @loader_path/Frameworks";
				PRODUCT_BUNDLE_IDENTIFIER = com.MeganCorbett.MathGameUITests;
				PRODUCT_NAME = "$(TARGET_NAME)";
				TEST_TARGET_NAME = MathGame;
				USES_XCTRUNNER = YES;
			};
			name = Release;
		};
/* End XCBuildConfiguration section */

/* Begin XCConfigurationList section */
		D4115FAB1C20AAE50088B14C /* Build configuration list for PBXProject "MathGame" */ = {
			isa = XCConfigurationList;
			buildConfigurations = (
				D4115FDA1C20AAE50088B14C /* Debug */,
				D4115FDB1C20AAE50088B14C /* Release */,
			);
			defaultConfigurationIsVisible = 0;
			defaultConfigurationName = Release;
		};
		D4115FDC1C20AAE50088B14C /* Build configuration list for PBXNativeTarget "MathGame" */ = {
			isa = XCConfigurationList;
			buildConfigurations = (
				D4115FDD1C20AAE50088B14C /* Debug */,
				D4115FDE1C20AAE50088B14C /* Release */,
			);
			defaultConfigurationIsVisible = 0;
			defaultConfigurationName = Release;
		};
		D4115FDF1C20AAE50088B14C /* Build configuration list for PBXNativeTarget "MathGameTests" */ = {
			isa = XCConfigurationList;
			buildConfigurations = (
				D4115FE01C20AAE50088B14C /* Debug */,
				D4115FE11C20AAE50088B14C /* Release */,
			);
			defaultConfigurationIsVisible = 0;
			defaultConfigurationName = Release;
		};
		D4115FE21C20AAE50088B14C /* Build configuration list for PBXNativeTarget "MathGameUITests" */ = {
			isa = XCConfigurationList;
			buildConfigurations = (
				D4115FE31C20AAE50088B14C /* Debug */,
				D4115FE41C20AAE50088B14C /* Release */,
			);
			defaultConfigurationIsVisible = 0;
			defaultConfigurationName = Release;
		};
/* End XCConfigurationList section */
	};
	rootObject = D4115FA81C20AAE50088B14C /* Project object */;
}
